// !$*UTF8*$!
{
	archiveVersion = 1;
	classes = {
	};
	objectVersion = 56;
	objects = {

/* Begin PBXBuildFile section */
		5807550F2DE7571C00F50835 /* LaunchScreen.storyboard in Resources */ = {isa = PBXBuildFile; fileRef = 5807550E2DE7571C00F50835 /* LaunchScreen.storyboard */; };
		582934AC2D8514E2000033C7 /* SignUpViewController.swift in Sources */ = {isa = PBXBuildFile; fileRef = 582934AB2D8514E2000033C7 /* SignUpViewController.swift */; };
		582934AE2D851A4B000033C7 /* LogInViewController.swift in Sources */ = {isa = PBXBuildFile; fileRef = 582934AD2D851A4B000033C7 /* LogInViewController.swift */; };
		582934B02D89E195000033C7 /* Measure.swift in Sources */ = {isa = PBXBuildFile; fileRef = 582934AF2D89E195000033C7 /* Measure.swift */; };
		582934B22D8A1B9B000033C7 /* ProteinCallManager.swift in Sources */ = {isa = PBXBuildFile; fileRef = 582934B12D8A1B9B000033C7 /* ProteinCallManager.swift */; };
		582934B42D8A1D3B000033C7 /* TabBarController.swift in Sources */ = {isa = PBXBuildFile; fileRef = 582934B32D8A1D3B000033C7 /* TabBarController.swift */; };
		582BE0F22D9497B00059A4D1 /* ProfileViewController.swift in Sources */ = {isa = PBXBuildFile; fileRef = 582BE0F12D9497B00059A4D1 /* ProfileViewController.swift */; };
		582BE0F42D9497BF0059A4D1 /* Setting.swift in Sources */ = {isa = PBXBuildFile; fileRef = 582BE0F32D9497BF0059A4D1 /* Setting.swift */; };
		582BE0F72D9499460059A4D1 /* ProfileCell.swift in Sources */ = {isa = PBXBuildFile; fileRef = 582BE0F52D9499460059A4D1 /* ProfileCell.swift */; };
		582BE0F82D9499460059A4D1 /* ProfileCell.xib in Resources */ = {isa = PBXBuildFile; fileRef = 582BE0F62D9499460059A4D1 /* ProfileCell.xib */; };
		582BE0FC2D949ADF0059A4D1 /* LogOutCell.xib in Resources */ = {isa = PBXBuildFile; fileRef = 582BE0FA2D949ADF0059A4D1 /* LogOutCell.xib */; };
		582BE0FE2D94A2B80059A4D1 /* SelectorViewController.swift in Sources */ = {isa = PBXBuildFile; fileRef = 582BE0FD2D94A2B80059A4D1 /* SelectorViewController.swift */; };
		582BE1042D94A9D30059A4D1 /* CalculatorViewController.swift in Sources */ = {isa = PBXBuildFile; fileRef = 582BE1032D94A9D30059A4D1 /* CalculatorViewController.swift */; };
		584D36CC2F496AE900BFF868 /* PrivacyInfo.xcprivacy in Resources */ = {isa = PBXBuildFile; fileRef = 584D36CB2F496AE900BFF868 /* PrivacyInfo.xcprivacy */; };
		584D36CE2F4977E000BFF868 /* WelcomeViewController.swift in Sources */ = {isa = PBXBuildFile; fileRef = 584D36CD2F4977E000BFF868 /* WelcomeViewController.swift */; };
		58528F232D9D937700A107F0 /* SearchViewController.swift in Sources */ = {isa = PBXBuildFile; fileRef = 58528F222D9D937700A107F0 /* SearchViewController.swift */; };
		5880C36D2DBE1CA100A4B51D /* DateManager.swift in Sources */ = {isa = PBXBuildFile; fileRef = 5880C36C2DBE1CA100A4B51D /* DateManager.swift */; };
		5892A8712D7B5BB400304BF0 /* Food.swift in Sources */ = {isa = PBXBuildFile; fileRef = 5892A8702D7B5BB400304BF0 /* Food.swift */; };
		589FADF42D6E34DA007890AB /* AppDelegate.swift in Sources */ = {isa = PBXBuildFile; fileRef = 589FADF32D6E34DA007890AB /* AppDelegate.swift */; };
		589FADF62D6E34DA007890AB /* SceneDelegate.swift in Sources */ = {isa = PBXBuildFile; fileRef = 589FADF52D6E34DA007890AB /* SceneDelegate.swift */; };
		589FADFB2D6E34DA007890AB /* Main.storyboard in Resources */ = {isa = PBXBuildFile; fileRef = 589FADF92D6E34DA007890AB /* Main.storyboard */; };
		589FAE002D6E34DB007890AB /* Assets.xcassets in Resources */ = {isa = PBXBuildFile; fileRef = 589FADFF2D6E34DB007890AB /* Assets.xcassets */; };
		58B29EB92D9D9BEC002F6FA0 /* ResultViewController.swift in Sources */ = {isa = PBXBuildFile; fileRef = 58B29EB82D9D9BEC002F6FA0 /* ResultViewController.swift */; };
		58B29EBB2D9D9F96002F6FA0 /* FirebaseManager.swift in Sources */ = {isa = PBXBuildFile; fileRef = 58B29EBA2D9D9F96002F6FA0 /* FirebaseManager.swift */; };
		58B29EBD2D9F5CEC002F6FA0 /* PickerViewController.swift in Sources */ = {isa = PBXBuildFile; fileRef = 58B29EBC2D9F5CEC002F6FA0 /* PickerViewController.swift */; };
		58D361752DE74B3A00FCB70E /* GoogleService-Info.plist in Resources */ = {isa = PBXBuildFile; fileRef = 58D361742DE74B3A00FCB70E /* GoogleService-Info.plist */; };
		58FC741E2D91CF500007FC3E /* FoodCell.swift in Sources */ = {isa = PBXBuildFile; fileRef = 58FC741C2D91CF500007FC3E /* FoodCell.swift */; };
		58FC741F2D91CF500007FC3E /* FoodCell.xib in Resources */ = {isa = PBXBuildFile; fileRef = 58FC741D2D91CF500007FC3E /* FoodCell.xib */; };
		90E424722D78D0D900EF8B8C /* FoodViewController.swift in Sources */ = {isa = PBXBuildFile; fileRef = 90E424712D78D0A400EF8B8C /* FoodViewController.swift */; };
		9F1A2B4C2D7B661600A432CF /* Constants.swift in Sources */ = {isa = PBXBuildFile; fileRef = 9F1A2B4B2D7B661600A432CF /* Constants.swift */; };
		9F2358AB2D942F3D001B3F1A /* CalendarViewController.swift in Sources */ = {isa = PBXBuildFile; fileRef = 9F2358AA2D942F3D001B3F1A /* CalendarViewController.swift */; };
		9F8594A52D88F40200E21AE2 /* PasswordViewController.swift in Sources */ = {isa = PBXBuildFile; fileRef = 9F8594A42D88F40200E21AE2 /* PasswordViewController.swift */; };
		9FF16E1B2DA431C70043F90D /* AlertManager.swift in Sources */ = {isa = PBXBuildFile; fileRef = 9FF16E1A2DA431C70043F90D /* AlertManager.swift */; };
		F6D373D53C6945D19F75DB5B /* BarcodeScannerViewController.swift in Sources */ = {isa = PBXBuildFile; fileRef = 814224F726E5487081CECC92 /* BarcodeScannerViewController.swift */; };
		E53D48A4DBC3F05CC6E8C479 /* Pods_my_protein_buddy.framework in Frameworks */ = {isa = PBXBuildFile; fileRef = 9D5361E3F6E38FCF0BA94F0D /* Pods_my_protein_buddy.framework */; };
/* End PBXBuildFile section */

/* Begin PBXFileReference section */
		5807550E2DE7571C00F50835 /* LaunchScreen.storyboard */ = {isa = PBXFileReference; lastKnownFileType = file.storyboard; path = LaunchScreen.storyboard; sourceTree = "<group>"; };
		582934AB2D8514E2000033C7 /* SignUpViewController.swift */ = {isa = PBXFileReference; lastKnownFileType = sourcecode.swift; path = SignUpViewController.swift; sourceTree = "<group>"; };
		582934AD2D851A4B000033C7 /* LogInViewController.swift */ = {isa = PBXFileReference; lastKnownFileType = sourcecode.swift; path = LogInViewController.swift; sourceTree = "<group>"; };
		582934AF2D89E195000033C7 /* Measure.swift */ = {isa = PBXFileReference; lastKnownFileType = sourcecode.swift; path = Measure.swift; sourceTree = "<group>"; };
		582934B12D8A1B9B000033C7 /* ProteinCallManager.swift */ = {isa = PBXFileReference; lastKnownFileType = sourcecode.swift; path = ProteinCallManager.swift; sourceTree = "<group>"; };
		582934B32D8A1D3B000033C7 /* TabBarController.swift */ = {isa = PBXFileReference; lastKnownFileType = sourcecode.swift; path = TabBarController.swift; sourceTree = "<group>"; };
		582BE0F12D9497B00059A4D1 /* ProfileViewController.swift */ = {isa = PBXFileReference; lastKnownFileType = sourcecode.swift; path = ProfileViewController.swift; sourceTree = "<group>"; };
		582BE0F32D9497BF0059A4D1 /* Setting.swift */ = {isa = PBXFileReference; lastKnownFileType = sourcecode.swift; path = Setting.swift; sourceTree = "<group>"; };
		582BE0F52D9499460059A4D1 /* ProfileCell.swift */ = {isa = PBXFileReference; lastKnownFileType = sourcecode.swift; path = ProfileCell.swift; sourceTree = "<group>"; };
		582BE0F62D9499460059A4D1 /* ProfileCell.xib */ = {isa = PBXFileReference; lastKnownFileType = file.xib; path = ProfileCell.xib; sourceTree = "<group>"; };
		582BE0FA2D949ADF0059A4D1 /* LogOutCell.xib */ = {isa = PBXFileReference; lastKnownFileType = file.xib; path = LogOutCell.xib; sourceTree = "<group>"; };
		582BE0FD2D94A2B80059A4D1 /* SelectorViewController.swift */ = {isa = PBXFileReference; lastKnownFileType = sourcecode.swift; path = SelectorViewController.swift; sourceTree = "<group>"; };
		582BE1032D94A9D30059A4D1 /* CalculatorViewController.swift */ = {isa = PBXFileReference; lastKnownFileType = sourcecode.swift; path = CalculatorViewController.swift; sourceTree = "<group>"; };
		584D36CB2F496AE900BFF868 /* PrivacyInfo.xcprivacy */ = {isa = PBXFileReference; lastKnownFileType = text.xml; path = PrivacyInfo.xcprivacy; sourceTree = "<group>"; };
		584D36CD2F4977E000BFF868 /* WelcomeViewController.swift */ = {isa = PBXFileReference; lastKnownFileType = sourcecode.swift; path = WelcomeViewController.swift; sourceTree = "<group>"; };
		58528F222D9D937700A107F0 /* SearchViewController.swift */ = {isa = PBXFileReference; lastKnownFileType = sourcecode.swift; path = SearchViewController.swift; sourceTree = "<group>"; };
		5880C36C2DBE1CA100A4B51D /* DateManager.swift */ = {isa = PBXFileReference; lastKnownFileType = sourcecode.swift; path = DateManager.swift; sourceTree = "<group>"; };
		5892A8702D7B5BB400304BF0 /* Food.swift */ = {isa = PBXFileReference; lastKnownFileType = sourcecode.swift; path = Food.swift; sourceTree = "<group>"; };
		589FADF02D6E34DA007890AB /* my-protein-buddy.app */ = {isa = PBXFileReference; explicitFileType = wrapper.application; includeInIndex = 0; path = "my-protein-buddy.app"; sourceTree = BUILT_PRODUCTS_DIR; };
		589FADF32D6E34DA007890AB /* AppDelegate.swift */ = {isa = PBXFileReference; lastKnownFileType = sourcecode.swift; path = AppDelegate.swift; sourceTree = "<group>"; };
		589FADF52D6E34DA007890AB /* SceneDelegate.swift */ = {isa = PBXFileReference; lastKnownFileType = sourcecode.swift; path = SceneDelegate.swift; sourceTree = "<group>"; };
		589FADFA2D6E34DA007890AB /* Base */ = {isa = PBXFileReference; lastKnownFileType = file.storyboard; name = Base; path = Base.lproj/Main.storyboard; sourceTree = "<group>"; };
		589FADFF2D6E34DB007890AB /* Assets.xcassets */ = {isa = PBXFileReference; lastKnownFileType = folder.assetcatalog; path = Assets.xcassets; sourceTree = "<group>"; };
		589FAE042D6E34DB007890AB /* Info.plist */ = {isa = PBXFileReference; lastKnownFileType = text.plist.xml; path = Info.plist; sourceTree = "<group>"; };
		58B29EB82D9D9BEC002F6FA0 /* ResultViewController.swift */ = {isa = PBXFileReference; lastKnownFileType = sourcecode.swift; path = ResultViewController.swift; sourceTree = "<group>"; };
		58B29EBA2D9D9F96002F6FA0 /* FirebaseManager.swift */ = {isa = PBXFileReference; lastKnownFileType = sourcecode.swift; path = FirebaseManager.swift; sourceTree = "<group>"; };
		58B29EBC2D9F5CEC002F6FA0 /* PickerViewController.swift */ = {isa = PBXFileReference; lastKnownFileType = sourcecode.swift; path = PickerViewController.swift; sourceTree = "<group>"; };
		58D361742DE74B3A00FCB70E /* GoogleService-Info.plist */ = {isa = PBXFileReference; fileEncoding = 4; lastKnownFileType = text.plist.xml; path = "GoogleService-Info.plist"; sourceTree = "<group>"; };
		58D3617A2DE74BFF00FCB70E /* Secrets.xcconfig */ = {isa = PBXFileReference; lastKnownFileType = text.xcconfig; path = Secrets.xcconfig; sourceTree = "<group>"; };
		58FC741C2D91CF500007FC3E /* FoodCell.swift */ = {isa = PBXFileReference; lastKnownFileType = sourcecode.swift; path = FoodCell.swift; sourceTree = "<group>"; };
		58FC741D2D91CF500007FC3E /* FoodCell.xib */ = {isa = PBXFileReference; lastKnownFileType = file.xib; path = FoodCell.xib; sourceTree = "<group>"; };
		814224F726E5487081CECC92 /* BarcodeScannerViewController.swift */ = {isa = PBXFileReference; lastKnownFileType = sourcecode.swift; path = BarcodeScannerViewController.swift; sourceTree = "<group>"; };
		90E424712D78D0A400EF8B8C /* FoodViewController.swift */ = {isa = PBXFileReference; lastKnownFileType = sourcecode.swift; path = FoodViewController.swift; sourceTree = "<group>"; };
		9D5361E3F6E38FCF0BA94F0D /* Pods_my_protein_buddy.framework */ = {isa = PBXFileReference; explicitFileType = wrapper.framework; includeInIndex = 0; path = Pods_my_protein_buddy.framework; sourceTree = BUILT_PRODUCTS_DIR; };
		9F1A2B4B2D7B661600A432CF /* Constants.swift */ = {isa = PBXFileReference; lastKnownFileType = sourcecode.swift; path = Constants.swift; sourceTree = "<group>"; };
		9F2358AA2D942F3D001B3F1A /* CalendarViewController.swift */ = {isa = PBXFileReference; lastKnownFileType = sourcecode.swift; path = CalendarViewController.swift; sourceTree = "<group>"; };
		9F8594A42D88F40200E21AE2 /* PasswordViewController.swift */ = {isa = PBXFileReference; lastKnownFileType = sourcecode.swift; path = PasswordViewController.swift; sourceTree = "<group>"; };
		9FF16E1A2DA431C70043F90D /* AlertManager.swift */ = {isa = PBXFileReference; lastKnownFileType = sourcecode.swift; path = AlertManager.swift; sourceTree = "<group>"; };
		D0037AA65D64F65E87DAA1FA /* Pods-my-protein-buddy.debug.xcconfig */ = {isa = PBXFileReference; includeInIndex = 1; lastKnownFileType = text.xcconfig; name = "Pods-my-protein-buddy.debug.xcconfig"; path = "Target Support Files/Pods-my-protein-buddy/Pods-my-protein-buddy.debug.xcconfig"; sourceTree = "<group>"; };
		E9833FAC4494DE34F8F7A9EC /* Pods-my-protein-buddy.release.xcconfig */ = {isa = PBXFileReference; includeInIndex = 1; lastKnownFileType = text.xcconfig; name = "Pods-my-protein-buddy.release.xcconfig"; path = "Target Support Files/Pods-my-protein-buddy/Pods-my-protein-buddy.release.xcconfig"; sourceTree = "<group>"; };
/* End PBXFileReference section */

/* Begin PBXFrameworksBuildPhase section */
		589FADED2D6E34DA007890AB /* Frameworks */ = {
			isa = PBXFrameworksBuildPhase;
			buildActionMask = 2147483647;
			files = (
				E53D48A4DBC3F05CC6E8C479 /* Pods_my_protein_buddy.framework in Frameworks */,
			);
			runOnlyForDeploymentPostprocessing = 0;
		};
/* End PBXFrameworksBuildPhase section */

/* Begin PBXGroup section */
		18D2442C36CF37DB3905077D /* Frameworks */ = {
			isa = PBXGroup;
			children = (
				9D5361E3F6E38FCF0BA94F0D /* Pods_my_protein_buddy.framework */,
			);
			name = Frameworks;
			sourceTree = "<group>";
		};
		582BE1052D94B5E10059A4D1 /* Welcome Flow View Controllers */ = {
			isa = PBXGroup;
			children = (
				584D36CD2F4977E000BFF868 /* WelcomeViewController.swift */,
				582934AB2D8514E2000033C7 /* SignUpViewController.swift */,
				582934AD2D851A4B000033C7 /* LogInViewController.swift */,
				9F8594A42D88F40200E21AE2 /* PasswordViewController.swift */,
			);
			path = "Welcome Flow View Controllers";
			sourceTree = "<group>";
		};
		582BE1062D94B5FF0059A4D1 /* Profile View Controllers */ = {
			isa = PBXGroup;
			children = (
				582BE0F12D9497B00059A4D1 /* ProfileViewController.swift */,
				582BE0FD2D94A2B80059A4D1 /* SelectorViewController.swift */,
				582BE1032D94A9D30059A4D1 /* CalculatorViewController.swift */,
			);
			path = "Profile View Controllers";
			sourceTree = "<group>";
		};
		582BE1072D94B60B0059A4D1 /* Food View Controllers */ = {
			isa = PBXGroup;
			children = (
				90E424712D78D0A400EF8B8C /* FoodViewController.swift */,
				58528F222D9D937700A107F0 /* SearchViewController.swift */,
				58B29EB82D9D9BEC002F6FA0 /* ResultViewController.swift */,
				58B29EBC2D9F5CEC002F6FA0 /* PickerViewController.swift */,
				814224F726E5487081CECC92 /* BarcodeScannerViewController.swift */,
			);
			path = "Food View Controllers";
			sourceTree = "<group>";
		};
		5892A86F2D7B5BA800304BF0 /* Model */ = {
			isa = PBXGroup;
			children = (
				5892A8702D7B5BB400304BF0 /* Food.swift */,
				582934AF2D89E195000033C7 /* Measure.swift */,
				582BE0F32D9497BF0059A4D1 /* Setting.swift */,
				582934B12D8A1B9B000033C7 /* ProteinCallManager.swift */,
				58B29EBA2D9D9F96002F6FA0 /* FirebaseManager.swift */,
				9FF16E1A2DA431C70043F90D /* AlertManager.swift */,
				5880C36C2DBE1CA100A4B51D /* DateManager.swift */,
			);
			path = Model;
			sourceTree = "<group>";
		};
		589FADE72D6E34DA007890AB = {
			isa = PBXGroup;
			children = (
				589FADF22D6E34DA007890AB /* my-protein-buddy */,
				589FADF12D6E34DA007890AB /* Products */,
				846CE356C5EB6AFAB1D2EF6D /* Pods */,
				18D2442C36CF37DB3905077D /* Frameworks */,
			);
			sourceTree = "<group>";
		};
		589FADF12D6E34DA007890AB /* Products */ = {
			isa = PBXGroup;
			children = (
				589FADF02D6E34DA007890AB /* my-protein-buddy.app */,
			);
			name = Products;
			sourceTree = "<group>";
		};
		589FADF22D6E34DA007890AB /* my-protein-buddy */ = {
			isa = PBXGroup;
			children = (
				584D36CB2F496AE900BFF868 /* PrivacyInfo.xcprivacy */,
				589FADF32D6E34DA007890AB /* AppDelegate.swift */,
				589FADF52D6E34DA007890AB /* SceneDelegate.swift */,
				5892A86F2D7B5BA800304BF0 /* Model */,
				589FAE0B2D6E363C007890AB /* View */,
				589FAE0A2D6E3631007890AB /* Controller */,
				9F1A2B4B2D7B661600A432CF /* Constants.swift */,
				5807550E2DE7571C00F50835 /* LaunchScreen.storyboard */,
				589FADFF2D6E34DB007890AB /* Assets.xcassets */,
				58D3617A2DE74BFF00FCB70E /* Secrets.xcconfig */,
				58D361742DE74B3A00FCB70E /* GoogleService-Info.plist */,
				589FAE042D6E34DB007890AB /* Info.plist */,
			);
			path = "my-protein-buddy";
			sourceTree = "<group>";
		};
		589FAE0A2D6E3631007890AB /* Controller */ = {
			isa = PBXGroup;
			children = (
				582BE1052D94B5E10059A4D1 /* Welcome Flow View Controllers */,
				582BE1072D94B60B0059A4D1 /* Food View Controllers */,
				582BE1062D94B5FF0059A4D1 /* Profile View Controllers */,
				582934B32D8A1D3B000033C7 /* TabBarController.swift */,
				9F2358AA2D942F3D001B3F1A /* CalendarViewController.swift */,
			);
			path = Controller;
			sourceTree = "<group>";
		};
		589FAE0B2D6E363C007890AB /* View */ = {
			isa = PBXGroup;
			children = (
				589FADF92D6E34DA007890AB /* Main.storyboard */,
				58FC741D2D91CF500007FC3E /* FoodCell.xib */,
				58FC741C2D91CF500007FC3E /* FoodCell.swift */,
				582BE0F62D9499460059A4D1 /* ProfileCell.xib */,
				582BE0F52D9499460059A4D1 /* ProfileCell.swift */,
				582BE0FA2D949ADF0059A4D1 /* LogOutCell.xib */,
			);
			path = View;
			sourceTree = "<group>";
		};
		846CE356C5EB6AFAB1D2EF6D /* Pods */ = {
			isa = PBXGroup;
			children = (
				D0037AA65D64F65E87DAA1FA /* Pods-my-protein-buddy.debug.xcconfig */,
				E9833FAC4494DE34F8F7A9EC /* Pods-my-protein-buddy.release.xcconfig */,
			);
			path = Pods;
			sourceTree = "<group>";
		};
/* End PBXGroup section */

/* Begin PBXNativeTarget section */
		589FADEF2D6E34DA007890AB /* my-protein-buddy */ = {
			isa = PBXNativeTarget;
			buildConfigurationList = 589FAE072D6E34DB007890AB /* Build configuration list for PBXNativeTarget "my-protein-buddy" */;
			buildPhases = (
				51322918A4BB104A5516EB73 /* [CP] Check Pods Manifest.lock */,
				589FADEC2D6E34DA007890AB /* Sources */,
				589FADED2D6E34DA007890AB /* Frameworks */,
				589FADEE2D6E34DA007890AB /* Resources */,
				D14BB601404A04D4E3699828 /* [CP] Embed Pods Frameworks */,
			);
			buildRules = (
			);
			dependencies = (
			);
			name = "my-protein-buddy";
			productName = "figology-v2";
			productReference = 589FADF02D6E34DA007890AB /* my-protein-buddy.app */;
			productType = "com.apple.product-type.application";
		};
/* End PBXNativeTarget section */

/* Begin PBXProject section */
		589FADE82D6E34DA007890AB /* Project object */ = {
			isa = PBXProject;
			attributes = {
				BuildIndependentTargetsInParallel = 1;
				LastSwiftUpdateCheck = 1420;
				LastUpgradeCheck = 1420;
				TargetAttributes = {
					589FADEF2D6E34DA007890AB = {
						CreatedOnToolsVersion = 14.2;
					};
				};
			};
			buildConfigurationList = 589FADEB2D6E34DA007890AB /* Build configuration list for PBXProject "my-protein-buddy" */;
			compatibilityVersion = "Xcode 14.0";
			developmentRegion = en;
			hasScannedForEncodings = 0;
			knownRegions = (
				en,
				Base,
			);
			mainGroup = 589FADE72D6E34DA007890AB;
			productRefGroup = 589FADF12D6E34DA007890AB /* Products */;
			projectDirPath = "";
			projectRoot = "";
			targets = (
				589FADEF2D6E34DA007890AB /* my-protein-buddy */,
			);
		};
/* End PBXProject section */

/* Begin PBXResourcesBuildPhase section */
		589FADEE2D6E34DA007890AB /* Resources */ = {
			isa = PBXResourcesBuildPhase;
			buildActionMask = 2147483647;
			files = (
				5807550F2DE7571C00F50835 /* LaunchScreen.storyboard in Resources */,
				58FC741F2D91CF500007FC3E /* FoodCell.xib in Resources */,
				582BE0F82D9499460059A4D1 /* ProfileCell.xib in Resources */,
				582BE0FC2D949ADF0059A4D1 /* LogOutCell.xib in Resources */,
				589FAE002D6E34DB007890AB /* Assets.xcassets in Resources */,
				589FADFB2D6E34DA007890AB /* Main.storyboard in Resources */,
				584D36CC2F496AE900BFF868 /* PrivacyInfo.xcprivacy in Resources */,
				58D361752DE74B3A00FCB70E /* GoogleService-Info.plist in Resources */,
			);
			runOnlyForDeploymentPostprocessing = 0;
		};
/* End PBXResourcesBuildPhase section */

/* Begin PBXShellScriptBuildPhase section */
		51322918A4BB104A5516EB73 /* [CP] Check Pods Manifest.lock */ = {
			isa = PBXShellScriptBuildPhase;
			buildActionMask = 2147483647;
			files = (
			);
			inputFileListPaths = (
			);
			inputPaths = (
				"${PODS_PODFILE_DIR_PATH}/Podfile.lock",
				"${PODS_ROOT}/Manifest.lock",
			);
			name = "[CP] Check Pods Manifest.lock";
			outputFileListPaths = (
			);
			outputPaths = (
				"$(DERIVED_FILE_DIR)/Pods-my-protein-buddy-checkManifestLockResult.txt",
			);
			runOnlyForDeploymentPostprocessing = 0;
			shellPath = /bin/sh;
			shellScript = "diff \"${PODS_PODFILE_DIR_PATH}/Podfile.lock\" \"${PODS_ROOT}/Manifest.lock\" > /dev/null\nif [ $? != 0 ] ; then\n    # print error to STDERR\n    echo \"error: The sandbox is not in sync with the Podfile.lock. Run 'pod install' or update your CocoaPods installation.\" >&2\n    exit 1\nfi\n# This output is used by Xcode 'outputs' to avoid re-running this script phase.\necho \"SUCCESS\" > \"${SCRIPT_OUTPUT_FILE_0}\"\n";
			showEnvVarsInLog = 0;
		};
		D14BB601404A04D4E3699828 /* [CP] Embed Pods Frameworks */ = {
			isa = PBXShellScriptBuildPhase;
			buildActionMask = 2147483647;
			files = (
			);
			inputFileListPaths = (
				"${PODS_ROOT}/Target Support Files/Pods-my-protein-buddy/Pods-my-protein-buddy-frameworks-${CONFIGURATION}-input-files.xcfilelist",
			);
			inputPaths = (
			);
			name = "[CP] Embed Pods Frameworks";
			outputFileListPaths = (
				"${PODS_ROOT}/Target Support Files/Pods-my-protein-buddy/Pods-my-protein-buddy-frameworks-${CONFIGURATION}-output-files.xcfilelist",
			);
			outputPaths = (
			);
			runOnlyForDeploymentPostprocessing = 0;
			shellPath = /bin/sh;
			shellScript = "\"${PODS_ROOT}/Target Support Files/Pods-my-protein-buddy/Pods-my-protein-buddy-frameworks.sh\"\n";
			showEnvVarsInLog = 0;
		};
/* End PBXShellScriptBuildPhase section */

/* Begin PBXSourcesBuildPhase section */
		589FADEC2D6E34DA007890AB /* Sources */ = {
			isa = PBXSourcesBuildPhase;
			buildActionMask = 2147483647;
			files = (
				58B29EBB2D9D9F96002F6FA0 /* FirebaseManager.swift in Sources */,
				9F2358AB2D942F3D001B3F1A /* CalendarViewController.swift in Sources */,
				9FF16E1B2DA431C70043F90D /* AlertManager.swift in Sources */,
				582934B22D8A1B9B000033C7 /* ProteinCallManager.swift in Sources */,
				58B29EBD2D9F5CEC002F6FA0 /* PickerViewController.swift in Sources */,
				582934B42D8A1D3B000033C7 /* TabBarController.swift in Sources */,
				584D36CE2F4977E000BFF868 /* WelcomeViewController.swift in Sources */,
				9F8594A52D88F40200E21AE2 /* PasswordViewController.swift in Sources */,
				90E424722D78D0D900EF8B8C /* FoodViewController.swift in Sources */,
				582BE0F22D9497B00059A4D1 /* ProfileViewController.swift in Sources */,
				582934B02D89E195000033C7 /* Measure.swift in Sources */,
				582934AE2D851A4B000033C7 /* LogInViewController.swift in Sources */,
				58B29EB92D9D9BEC002F6FA0 /* ResultViewController.swift in Sources */,
				589FADF42D6E34DA007890AB /* AppDelegate.swift in Sources */,
				589FADF62D6E34DA007890AB /* SceneDelegate.swift in Sources */,
				58FC741E2D91CF500007FC3E /* FoodCell.swift in Sources */,
				9F1A2B4C2D7B661600A432CF /* Constants.swift in Sources */,
				582934AC2D8514E2000033C7 /* SignUpViewController.swift in Sources */,
				582BE0F72D9499460059A4D1 /* ProfileCell.swift in Sources */,
				58528F232D9D937700A107F0 /* SearchViewController.swift in Sources */,
				582BE0F42D9497BF0059A4D1 /* Setting.swift in Sources */,
				5880C36D2DBE1CA100A4B51D /* DateManager.swift in Sources */,
				5892A8712D7B5BB400304BF0 /* Food.swift in Sources */,
				582BE1042D94A9D30059A4D1 /* CalculatorViewController.swift in Sources */,
				582BE0FE2D94A2B80059A4D1 /* SelectorViewController.swift in Sources */,
				F6D373D53C6945D19F75DB5B /* BarcodeScannerViewController.swift in Sources */,
			);
			runOnlyForDeploymentPostprocessing = 0;
		};
/* End PBXSourcesBuildPhase section */

/* Begin PBXVariantGroup section */
		589FADF92D6E34DA007890AB /* Main.storyboard */ = {
			isa = PBXVariantGroup;
			children = (
				589FADFA2D6E34DA007890AB /* Base */,
			);
			name = Main.storyboard;
			sourceTree = "<group>";
		};
/* End PBXVariantGroup section */

/* Begin XCBuildConfiguration section */
		589FAE052D6E34DB007890AB /* Debug */ = {
			isa = XCBuildConfiguration;
			baseConfigurationReference = 58D3617A2DE74BFF00FCB70E /* Secrets.xcconfig */;
			buildSettings = {
				ALWAYS_SEARCH_USER_PATHS = NO;
				CLANG_ANALYZER_NONNULL = YES;
				CLANG_ANALYZER_NUMBER_OBJECT_CONVERSION = YES_AGGRESSIVE;
				CLANG_CXX_LANGUAGE_STANDARD = "gnu++20";
				CLANG_ENABLE_MODULES = YES;
				CLANG_ENABLE_OBJC_ARC = YES;
				CLANG_ENABLE_OBJC_WEAK = YES;
				CLANG_WARN_BLOCK_CAPTURE_AUTORELEASING = YES;
				CLANG_WARN_BOOL_CONVERSION = YES;
				CLANG_WARN_COMMA = YES;
				CLANG_WARN_CONSTANT_CONVERSION = YES;
				CLANG_WARN_DEPRECATED_OBJC_IMPLEMENTATIONS = YES;
				CLANG_WARN_DIRECT_OBJC_ISA_USAGE = YES_ERROR;
				CLANG_WARN_DOCUMENTATION_COMMENTS = YES;
				CLANG_WARN_EMPTY_BODY = YES;
				CLANG_WARN_ENUM_CONVERSION = YES;
				CLANG_WARN_INFINITE_RECURSION = YES;
				CLANG_WARN_INT_CONVERSION = YES;
				CLANG_WARN_NON_LITERAL_NULL_CONVERSION = YES;
				CLANG_WARN_OBJC_IMPLICIT_RETAIN_SELF = YES;
				CLANG_WARN_OBJC_LITERAL_CONVERSION = YES;
				CLANG_WARN_OBJC_ROOT_CLASS = YES_ERROR;
				CLANG_WARN_QUOTED_INCLUDE_IN_FRAMEWORK_HEADER = YES;
				CLANG_WARN_RANGE_LOOP_ANALYSIS = YES;
				CLANG_WARN_STRICT_PROTOTYPES = YES;
				CLANG_WARN_SUSPICIOUS_MOVE = YES;
				CLANG_WARN_UNGUARDED_AVAILABILITY = YES_AGGRESSIVE;
				CLANG_WARN_UNREACHABLE_CODE = YES;
				CLANG_WARN__DUPLICATE_METHOD_MATCH = YES;
				COPY_PHASE_STRIP = NO;
				DEBUG_INFORMATION_FORMAT = dwarf;
				ENABLE_STRICT_OBJC_MSGSEND = YES;
				ENABLE_TESTABILITY = YES;
				GCC_C_LANGUAGE_STANDARD = gnu11;
				GCC_DYNAMIC_NO_PIC = NO;
				GCC_NO_COMMON_BLOCKS = YES;
				GCC_OPTIMIZATION_LEVEL = 0;
				GCC_PREPROCESSOR_DEFINITIONS = (
					"DEBUG=1",
					"$(inherited)",
				);
				GCC_WARN_64_TO_32_BIT_CONVERSION = YES;
				GCC_WARN_ABOUT_RETURN_TYPE = YES_ERROR;
				GCC_WARN_UNDECLARED_SELECTOR = YES;
				GCC_WARN_UNINITIALIZED_AUTOS = YES_AGGRESSIVE;
				GCC_WARN_UNUSED_FUNCTION = YES;
				GCC_WARN_UNUSED_VARIABLE = YES;
				IPHONEOS_DEPLOYMENT_TARGET = 16.2;
				MTL_ENABLE_DEBUG_INFO = INCLUDE_SOURCE;
				MTL_FAST_MATH = YES;
				ONLY_ACTIVE_ARCH = YES;
				SDKROOT = iphoneos;
				SWIFT_ACTIVE_COMPILATION_CONDITIONS = DEBUG;
				SWIFT_OPTIMIZATION_LEVEL = "-Onone";
			};
			name = Debug;
		};
		589FAE062D6E34DB007890AB /* Release */ = {
			isa = XCBuildConfiguration;
			baseConfigurationReference = 58D3617A2DE74BFF00FCB70E /* Secrets.xcconfig */;
			buildSettings = {
				ALWAYS_SEARCH_USER_PATHS = NO;
				CLANG_ANALYZER_NONNULL = YES;
				CLANG_ANALYZER_NUMBER_OBJECT_CONVERSION = YES_AGGRESSIVE;
				CLANG_CXX_LANGUAGE_STANDARD = "gnu++20";
				CLANG_ENABLE_MODULES = YES;
				CLANG_ENABLE_OBJC_ARC = YES;
				CLANG_ENABLE_OBJC_WEAK = YES;
				CLANG_WARN_BLOCK_CAPTURE_AUTORELEASING = YES;
				CLANG_WARN_BOOL_CONVERSION = YES;
				CLANG_WARN_COMMA = YES;
				CLANG_WARN_CONSTANT_CONVERSION = YES;
				CLANG_WARN_DEPRECATED_OBJC_IMPLEMENTATIONS = YES;
				CLANG_WARN_DIRECT_OBJC_ISA_USAGE = YES_ERROR;
				CLANG_WARN_DOCUMENTATION_COMMENTS = YES;
				CLANG_WARN_EMPTY_BODY = YES;
				CLANG_WARN_ENUM_CONVERSION = YES;
				CLANG_WARN_INFINITE_RECURSION = YES;
				CLANG_WARN_INT_CONVERSION = YES;
				CLANG_WARN_NON_LITERAL_NULL_CONVERSION = YES;
				CLANG_WARN_OBJC_IMPLICIT_RETAIN_SELF = YES;
				CLANG_WARN_OBJC_LITERAL_CONVERSION = YES;
				CLANG_WARN_OBJC_ROOT_CLASS = YES_ERROR;
				CLANG_WARN_QUOTED_INCLUDE_IN_FRAMEWORK_HEADER = YES;
				CLANG_WARN_RANGE_LOOP_ANALYSIS = YES;
				CLANG_WARN_STRICT_PROTOTYPES = YES;
				CLANG_WARN_SUSPICIOUS_MOVE = YES;
				CLANG_WARN_UNGUARDED_AVAILABILITY = YES_AGGRESSIVE;
				CLANG_WARN_UNREACHABLE_CODE = YES;
				CLANG_WARN__DUPLICATE_METHOD_MATCH = YES;
				COPY_PHASE_STRIP = NO;
				DEBUG_INFORMATION_FORMAT = "dwarf-with-dsym";
				ENABLE_NS_ASSERTIONS = NO;
				ENABLE_STRICT_OBJC_MSGSEND = YES;
				GCC_C_LANGUAGE_STANDARD = gnu11;
				GCC_NO_COMMON_BLOCKS = YES;
				GCC_WARN_64_TO_32_BIT_CONVERSION = YES;
				GCC_WARN_ABOUT_RETURN_TYPE = YES_ERROR;
				GCC_WARN_UNDECLARED_SELECTOR = YES;
				GCC_WARN_UNINITIALIZED_AUTOS = YES_AGGRESSIVE;
				GCC_WARN_UNUSED_FUNCTION = YES;
				GCC_WARN_UNUSED_VARIABLE = YES;
				IPHONEOS_DEPLOYMENT_TARGET = 16.2;
				MTL_ENABLE_DEBUG_INFO = NO;
				MTL_FAST_MATH = YES;
				SDKROOT = iphoneos;
				SWIFT_COMPILATION_MODE = wholemodule;
				SWIFT_OPTIMIZATION_LEVEL = "-O";
				VALIDATE_PRODUCT = YES;
			};
			name = Release;
		};
		589FAE082D6E34DB007890AB /* Debug */ = {
			isa = XCBuildConfiguration;
			baseConfigurationReference = D0037AA65D64F65E87DAA1FA /* Pods-my-protein-buddy.debug.xcconfig */;
			buildSettings = {
				ASSETCATALOG_COMPILER_APPICON_NAME = AppIcon;
				ASSETCATALOG_COMPILER_GLOBAL_ACCENT_COLOR_NAME = AccentColour;
				CODE_SIGN_STYLE = Automatic;
				CURRENT_PROJECT_VERSION = 1;
				DEVELOPMENT_TEAM = 4CMVBFM2BQ;
				GENERATE_INFOPLIST_FILE = YES;
				INFOPLIST_FILE = "my-protein-buddy/Info.plist";
				INFOPLIST_KEY_CFBundleDisplayName = MyProteinBuddy;
				INFOPLIST_KEY_UIApplicationSupportsIndirectInputEvents = YES;
				INFOPLIST_KEY_UILaunchStoryboardName = LaunchScreen;
				INFOPLIST_KEY_UIMainStoryboardFile = Main;
				INFOPLIST_KEY_UISupportedInterfaceOrientations = UIInterfaceOrientationPortrait;
				INFOPLIST_KEY_UISupportedInterfaceOrientations_iPad = "UIInterfaceOrientationLandscapeLeft UIInterfaceOrientationLandscapeRight UIInterfaceOrientationPortrait UIInterfaceOrientationPortraitUpsideDown";
				LD_RUNPATH_SEARCH_PATHS = (
					"$(inherited)",
					"@executable_path/Frameworks",
				);
				MARKETING_VERSION = 1.0;
				PRODUCT_BUNDLE_IDENTIFIER = "com.oliviachen.my-protein-buddy";
				PRODUCT_NAME = "$(TARGET_NAME)";
				SWIFT_EMIT_LOC_STRINGS = YES;
				SWIFT_VERSION = 5.0;
				TARGETED_DEVICE_FAMILY = "1,2";
			};
			name = Debug;
		};
		589FAE092D6E34DB007890AB /* Release */ = {
			isa = XCBuildConfiguration;
			baseConfigurationReference = E9833FAC4494DE34F8F7A9EC /* Pods-my-protein-buddy.release.xcconfig */;
			buildSettings = {
				ASSETCATALOG_COMPILER_APPICON_NAME = AppIcon;
				ASSETCATALOG_COMPILER_GLOBAL_ACCENT_COLOR_NAME = AccentColour;
				CODE_SIGN_STYLE = Automatic;
				CURRENT_PROJECT_VERSION = 1;
				DEVELOPMENT_TEAM = 4CMVBFM2BQ;
				GENERATE_INFOPLIST_FILE = YES;
				INFOPLIST_FILE = "my-protein-buddy/Info.plist";
				INFOPLIST_KEY_CFBundleDisplayName = MyProteinBuddy;
				INFOPLIST_KEY_UIApplicationSupportsIndirectInputEvents = YES;
				INFOPLIST_KEY_UILaunchStoryboardName = LaunchScreen;
				INFOPLIST_KEY_UIMainStoryboardFile = Main;
				INFOPLIST_KEY_UISupportedInterfaceOrientations = UIInterfaceOrientationPortrait;
				INFOPLIST_KEY_UISupportedInterfaceOrientations_iPad = "UIInterfaceOrientationLandscapeLeft UIInterfaceOrientationLandscapeRight UIInterfaceOrientationPortrait UIInterfaceOrientationPortraitUpsideDown";
				LD_RUNPATH_SEARCH_PATHS = (
					"$(inherited)",
					"@executable_path/Frameworks",
				);
				MARKETING_VERSION = 1.0;
				PRODUCT_BUNDLE_IDENTIFIER = "com.oliviachen.my-protein-buddy";
				PRODUCT_NAME = "$(TARGET_NAME)";
				SWIFT_EMIT_LOC_STRINGS = YES;
				SWIFT_VERSION = 5.0;
				TARGETED_DEVICE_FAMILY = "1,2";
			};
			name = Release;
		};
/* End XCBuildConfiguration section */

/* Begin XCConfigurationList section */
		589FADEB2D6E34DA007890AB /* Build configuration list for PBXProject "my-protein-buddy" */ = {
			isa = XCConfigurationList;
			buildConfigurations = (
				589FAE052D6E34DB007890AB /* Debug */,
				589FAE062D6E34DB007890AB /* Release */,
			);
			defaultConfigurationIsVisible = 0;
			defaultConfigurationName = Release;
		};
		589FAE072D6E34DB007890AB /* Build configuration list for PBXNativeTarget "my-protein-buddy" */ = {
			isa = XCConfigurationList;
			buildConfigurations = (
				589FAE082D6E34DB007890AB /* Debug */,
				589FAE092D6E34DB007890AB /* Release */,
			);
			defaultConfigurationIsVisible = 0;
			defaultConfigurationName = Release;
		};
/* End XCConfigurationList section */
	};
	rootObject = 589FADE82D6E34DA007890AB /* Project object */;
}
